PODS:
  - B68UIFloatLabelTextField (0.1.2)
  - Bolts/Tasks (1.4.0)
  - CVCalendar (1.2.7)
  - Parse (1.9.1):
    - Bolts/Tasks (>= 1.4.0)
  - PKHUD (2.1.0)

DEPENDENCIES:
  - B68UIFloatLabelTextField (from `https://github.com/dirkfabisch/B68FloatingLabelTextField.git`,
    branch `Swift_2.0`)
  - CVCalendar (~> 1.2)
  - Parse
  - PKHUD (from `https://github.com/pkluz/PKHUD.git`, branch `swift-2.0`)

EXTERNAL SOURCES:
  B68UIFloatLabelTextField:
    :branch: Swift_2.0
    :git: https://github.com/dirkfabisch/B68FloatingLabelTextField.git
  PKHUD:
    :branch: swift-2.0
    :git: https://github.com/pkluz/PKHUD.git

CHECKOUT OPTIONS:
  B68UIFloatLabelTextField:
    :commit: a46ce1a319b7ade8b083c66f1e868549bba912a2
    :git: https://github.com/dirkfabisch/B68FloatingLabelTextField.git
  PKHUD:
    :commit: 0383b02b5552dc4596e3fa24829da67e38cb6bc8
    :git: https://github.com/pkluz/PKHUD.git

SPEC CHECKSUMS:
  B68UIFloatLabelTextField: 337894ff837df84e19636c99f3f5f88c4fad60d7
  Bolts: 0e9bce58b9b9f5e8a7a4d47b16d2fabec289072b
  CVCalendar: 1ae6ee62dd7fd4c6a6703a43c641e11dfd32276e
  Parse: 54a965c8c19a6dde90284ab654dbcc77ef8c001b
  PKHUD: 7f64bacc94bb0f91ad0e15118bb4013ef229e187

COCOAPODS: 0.39.0
