// !$*UTF8*$!
{
	archiveVersion = 1;
	classes = {
	};
	objectVersion = 46;
	objects = {

/* Begin PBXBuildFile section */
		2C11A23C1BC0DE7200838E07 /* AppDelegate.swift in Sources */ = {isa = PBXBuildFile; fileRef = 2C11A23B1BC0DE7200838E07 /* AppDelegate.swift */; };
		2C11A23E1BC0DE7200838E07 /* MainController.swift in Sources */ = {isa = PBXBuildFile; fileRef = 2C11A23D1BC0DE7200838E07 /* MainController.swift */; };
		2C11A2411BC0DE7200838E07 /* Main.storyboard in Resources */ = {isa = PBXBuildFile; fileRef = 2C11A23F1BC0DE7200838E07 /* Main.storyboard */; };
		2C11A2431BC0DE7200838E07 /* Assets.xcassets in Resources */ = {isa = PBXBuildFile; fileRef = 2C11A2421BC0DE7200838E07 /* Assets.xcassets */; };
		2C11A2461BC0DE7200838E07 /* LaunchScreen.storyboard in Resources */ = {isa = PBXBuildFile; fileRef = 2C11A2441BC0DE7200838E07 /* LaunchScreen.storyboard */; };
		2C11A2511BC0DE7200838E07 /* BEO_AppTests.swift in Sources */ = {isa = PBXBuildFile; fileRef = 2C11A2501BC0DE7200838E07 /* BEO_AppTests.swift */; };
		2C11A25C1BC0DE7200838E07 /* BEO_AppUITests.swift in Sources */ = {isa = PBXBuildFile; fileRef = 2C11A25B1BC0DE7200838E07 /* BEO_AppUITests.swift */; };
		2C11A26A1BC0DF1000838E07 /* Podfile in Resources */ = {isa = PBXBuildFile; fileRef = 2C11A2691BC0DF1000838E07 /* Podfile */; };
		2C11A26D1BC0F08000838E07 /* marriot_logo.png in Resources */ = {isa = PBXBuildFile; fileRef = 2C11A26C1BC0F08000838E07 /* marriot_logo.png */; };
		2C11A26F1BC10C0C00838E07 /* LoginController.swift in Sources */ = {isa = PBXBuildFile; fileRef = 2C11A26E1BC10C0C00838E07 /* LoginController.swift */; };
		2C11A2721BC10C4F00838E07 /* NewAccountController.swift in Sources */ = {isa = PBXBuildFile; fileRef = 2C11A2711BC10C4F00838E07 /* NewAccountController.swift */; };
		2C11A2741BC10C6500838E07 /* ForgotPasswordController.swift in Sources */ = {isa = PBXBuildFile; fileRef = 2C11A2731BC10C6500838E07 /* ForgotPasswordController.swift */; };
		2C11A2771BC11A8F00838E07 /* StringExtensions.swift in Sources */ = {isa = PBXBuildFile; fileRef = 2C11A2761BC11A8F00838E07 /* StringExtensions.swift */; };
		2C11A27B1BC19CEE00838E07 /* Segues.swift in Sources */ = {isa = PBXBuildFile; fileRef = 2C11A27A1BC19CEE00838E07 /* Segues.swift */; };
		2C11A27D1BC1A95A00838E07 /* HomeController.swift in Sources */ = {isa = PBXBuildFile; fileRef = 2C11A27C1BC1A95A00838E07 /* HomeController.swift */; };
		2C11A27F1BC1A99500838E07 /* MyEventsController.swift in Sources */ = {isa = PBXBuildFile; fileRef = 2C11A27E1BC1A99500838E07 /* MyEventsController.swift */; };
		2C11A2911BC1AB1F00838E07 /* IMG_1535.JPG in Resources */ = {isa = PBXBuildFile; fileRef = 2C11A2861BC1AB1F00838E07 /* IMG_1535.JPG */; };
		2C11A2921BC1AB1F00838E07 /* IMG_1534.JPG in Resources */ = {isa = PBXBuildFile; fileRef = 2C11A2871BC1AB1F00838E07 /* IMG_1534.JPG */; };
		2C11A2931BC1AB1F00838E07 /* IMG_1533.JPG in Resources */ = {isa = PBXBuildFile; fileRef = 2C11A2881BC1AB1F00838E07 /* IMG_1533.JPG */; };
		2C11A2941BC1AB1F00838E07 /* IMG_1532.JPG in Resources */ = {isa = PBXBuildFile; fileRef = 2C11A2891BC1AB1F00838E07 /* IMG_1532.JPG */; };
		2C11A2951BC1AB1F00838E07 /* IMG_1531.JPG in Resources */ = {isa = PBXBuildFile; fileRef = 2C11A28A1BC1AB1F00838E07 /* IMG_1531.JPG */; };
		2C11A2961BC1AB1F00838E07 /* IMG_1530.JPG in Resources */ = {isa = PBXBuildFile; fileRef = 2C11A28B1BC1AB1F00838E07 /* IMG_1530.JPG */; };
		2C11A2971BC1AB1F00838E07 /* IMG_1529.JPG in Resources */ = {isa = PBXBuildFile; fileRef = 2C11A28C1BC1AB1F00838E07 /* IMG_1529.JPG */; };
		2C11A2981BC1AB1F00838E07 /* IMG_1528.JPG in Resources */ = {isa = PBXBuildFile; fileRef = 2C11A28D1BC1AB1F00838E07 /* IMG_1528.JPG */; };
		2C11A2991BC1AB1F00838E07 /* IMG_1526.JPG in Resources */ = {isa = PBXBuildFile; fileRef = 2C11A28E1BC1AB1F00838E07 /* IMG_1526.JPG */; };
		2C11A29A1BC1AB1F00838E07 /* IMG_1527.JPG in Resources */ = {isa = PBXBuildFile; fileRef = 2C11A28F1BC1AB1F00838E07 /* IMG_1527.JPG */; };
		2C11A29B1BC1AB1F00838E07 /* IMG_1525.JPG in Resources */ = {isa = PBXBuildFile; fileRef = 2C11A2901BC1AB1F00838E07 /* IMG_1525.JPG */; };
		2CB37A5D1BE89DCC003A6897 /* Calendar.png in Resources */ = {isa = PBXBuildFile; fileRef = 2CB37A571BE89DCC003A6897 /* Calendar.png */; };
		2CB37A5E1BE89DCC003A6897 /* EmployeeEventTaskList.png in Resources */ = {isa = PBXBuildFile; fileRef = 2CB37A581BE89DCC003A6897 /* EmployeeEventTaskList.png */; };
		2CB37A5F1BE89DCC003A6897 /* Info.png in Resources */ = {isa = PBXBuildFile; fileRef = 2CB37A591BE89DCC003A6897 /* Info.png */; };
		2CB37A601BE89DCC003A6897 /* Login.png in Resources */ = {isa = PBXBuildFile; fileRef = 2CB37A5A1BE89DCC003A6897 /* Login.png */; };
		2CB37A611BE89DCC003A6897 /* ManagerEventList.png in Resources */ = {isa = PBXBuildFile; fileRef = 2CB37A5B1BE89DCC003A6897 /* ManagerEventList.png */; };
		2CB37A621BE89DCC003A6897 /* ManagerTasks.png in Resources */ = {isa = PBXBuildFile; fileRef = 2CB37A5C1BE89DCC003A6897 /* ManagerTasks.png */; };
		2CB37A641BE8A2A8003A6897 /* ListController.swift in Sources */ = {isa = PBXBuildFile; fileRef = 2CB37A631BE8A2A8003A6897 /* ListController.swift */; };
		2CB37A661BE8A2C8003A6897 /* CalendarController.swift in Sources */ = {isa = PBXBuildFile; fileRef = 2CB37A651BE8A2C8003A6897 /* CalendarController.swift */; };
		2CB37A681BE8A465003A6897 /* README.md in Sources */ = {isa = PBXBuildFile; fileRef = 2CB37A671BE8A465003A6897 /* README.md */; };
		2CB37A6A1BE8A897003A6897 /* UIColorExtensions.swift in Sources */ = {isa = PBXBuildFile; fileRef = 2CB37A691BE8A897003A6897 /* UIColorExtensions.swift */; };
		2CB37A6C1BE8A916003A6897 /* Colors.swift in Sources */ = {isa = PBXBuildFile; fileRef = 2CB37A6B1BE8A916003A6897 /* Colors.swift */; };
		2CB37A701BE90E50003A6897 /* BEO.swift in Sources */ = {isa = PBXBuildFile; fileRef = 2CB37A6F1BE90E50003A6897 /* BEO.swift */; };
		2CB37A721BE90F57003A6897 /* DinnerStyle.swift in Sources */ = {isa = PBXBuildFile; fileRef = 2CB37A711BE90F57003A6897 /* DinnerStyle.swift */; };
		2CB37A741BE90FCF003A6897 /* Task.swift in Sources */ = {isa = PBXBuildFile; fileRef = 2CB37A731BE90FCF003A6897 /* Task.swift */; };
		467E7EE760F6A343062E7ECF /* Pods_BEO_App.framework in Frameworks */ = {isa = PBXBuildFile; fileRef = 38C63E40B23D732FFAC0AF94 /* Pods_BEO_App.framework */; };
		8556F48D1BD940C0006CA928 /* HomeTableViewController.swift in Sources */ = {isa = PBXBuildFile; fileRef = 8556F48C1BD940C0006CA928 /* HomeTableViewController.swift */; };
		8556F48F1BD942E2006CA928 /* MyEventsTableViewController.swift in Sources */ = {isa = PBXBuildFile; fileRef = 8556F48E1BD942E2006CA928 /* MyEventsTableViewController.swift */; };
		85ECCCB01BEBC16500A98F88 /* EmployeeEventCell.swift in Sources */ = {isa = PBXBuildFile; fileRef = 85ECCCAE1BEBC16500A98F88 /* EmployeeEventCell.swift */; };
		85ECCCB11BEBC16500A98F88 /* EmployeeEventCell.xib in Resources */ = {isa = PBXBuildFile; fileRef = 85ECCCAF1BEBC16500A98F88 /* EmployeeEventCell.xib */; };
		85ECCCB41BEBC63300A98F88 /* EmployeeTaskCell.swift in Sources */ = {isa = PBXBuildFile; fileRef = 85ECCCB21BEBC63300A98F88 /* EmployeeTaskCell.swift */; };
		85ECCCB51BEBC63300A98F88 /* EmployeeTaskCell.xib in Resources */ = {isa = PBXBuildFile; fileRef = 85ECCCB31BEBC63300A98F88 /* EmployeeTaskCell.xib */; };
		85FFC2E51BF07BD000B86BF2 /* EmployeeEventSectionHeader.swift in Sources */ = {isa = PBXBuildFile; fileRef = 85FFC2E31BF07BD000B86BF2 /* EmployeeEventSectionHeader.swift */; };
		85FFC2E61BF07BD000B86BF2 /* EmployeeEventSectionHeader.xib in Resources */ = {isa = PBXBuildFile; fileRef = 85FFC2E41BF07BD000B86BF2 /* EmployeeEventSectionHeader.xib */; };
/* End PBXBuildFile section */

/* Begin PBXContainerItemProxy section */
		2C11A24D1BC0DE7200838E07 /* PBXContainerItemProxy */ = {
			isa = PBXContainerItemProxy;
			containerPortal = 2C11A2301BC0DE7200838E07 /* Project object */;
			proxyType = 1;
			remoteGlobalIDString = 2C11A2371BC0DE7200838E07;
			remoteInfo = "BEO App";
		};
		2C11A2581BC0DE7200838E07 /* PBXContainerItemProxy */ = {
			isa = PBXContainerItemProxy;
			containerPortal = 2C11A2301BC0DE7200838E07 /* Project object */;
			proxyType = 1;
			remoteGlobalIDString = 2C11A2371BC0DE7200838E07;
			remoteInfo = "BEO App";
		};
/* End PBXContainerItemProxy section */

/* Begin PBXFileReference section */
		0BF743B10CC334A6F325756D /* Pods-BEO App.debug.xcconfig */ = {isa = PBXFileReference; includeInIndex = 1; lastKnownFileType = text.xcconfig; name = "Pods-BEO App.debug.xcconfig"; path = "Pods/Target Support Files/Pods-BEO App/Pods-BEO App.debug.xcconfig"; sourceTree = "<group>"; };
		1D031ADA42BAC4F845EF70B0 /* Pods-BEO App.release.xcconfig */ = {isa = PBXFileReference; includeInIndex = 1; lastKnownFileType = text.xcconfig; name = "Pods-BEO App.release.xcconfig"; path = "Pods/Target Support Files/Pods-BEO App/Pods-BEO App.release.xcconfig"; sourceTree = "<group>"; };
		2C11A2381BC0DE7200838E07 /* BEO App.app */ = {isa = PBXFileReference; explicitFileType = wrapper.application; includeInIndex = 0; path = "BEO App.app"; sourceTree = BUILT_PRODUCTS_DIR; };
		2C11A23B1BC0DE7200838E07 /* AppDelegate.swift */ = {isa = PBXFileReference; lastKnownFileType = sourcecode.swift; path = AppDelegate.swift; sourceTree = "<group>"; };
		2C11A23D1BC0DE7200838E07 /* MainController.swift */ = {isa = PBXFileReference; lastKnownFileType = sourcecode.swift; path = MainController.swift; sourceTree = "<group>"; };
		2C11A2401BC0DE7200838E07 /* Base */ = {isa = PBXFileReference; lastKnownFileType = file.storyboard; name = Base; path = Base.lproj/Main.storyboard; sourceTree = "<group>"; };
		2C11A2421BC0DE7200838E07 /* Assets.xcassets */ = {isa = PBXFileReference; lastKnownFileType = folder.assetcatalog; path = Assets.xcassets; sourceTree = "<group>"; };
		2C11A2451BC0DE7200838E07 /* Base */ = {isa = PBXFileReference; lastKnownFileType = file.storyboard; name = Base; path = Base.lproj/LaunchScreen.storyboard; sourceTree = "<group>"; };
		2C11A2471BC0DE7200838E07 /* Info.plist */ = {isa = PBXFileReference; lastKnownFileType = text.plist.xml; path = Info.plist; sourceTree = "<group>"; };
		2C11A24C1BC0DE7200838E07 /* BEO AppTests.xctest */ = {isa = PBXFileReference; explicitFileType = wrapper.cfbundle; includeInIndex = 0; path = "BEO AppTests.xctest"; sourceTree = BUILT_PRODUCTS_DIR; };
		2C11A2501BC0DE7200838E07 /* BEO_AppTests.swift */ = {isa = PBXFileReference; lastKnownFileType = sourcecode.swift; path = BEO_AppTests.swift; sourceTree = "<group>"; };
		2C11A2521BC0DE7200838E07 /* Info.plist */ = {isa = PBXFileReference; lastKnownFileType = text.plist.xml; path = Info.plist; sourceTree = "<group>"; };
		2C11A2571BC0DE7200838E07 /* BEO AppUITests.xctest */ = {isa = PBXFileReference; explicitFileType = wrapper.cfbundle; includeInIndex = 0; path = "BEO AppUITests.xctest"; sourceTree = BUILT_PRODUCTS_DIR; };
		2C11A25B1BC0DE7200838E07 /* BEO_AppUITests.swift */ = {isa = PBXFileReference; lastKnownFileType = sourcecode.swift; path = BEO_AppUITests.swift; sourceTree = "<group>"; };
		2C11A25D1BC0DE7300838E07 /* Info.plist */ = {isa = PBXFileReference; lastKnownFileType = text.plist.xml; path = Info.plist; sourceTree = "<group>"; };
		2C11A2691BC0DF1000838E07 /* Podfile */ = {isa = PBXFileReference; fileEncoding = 4; lastKnownFileType = text; path = Podfile; sourceTree = "<group>"; xcLanguageSpecificationIdentifier = xcode.lang.ruby; };
		2C11A26C1BC0F08000838E07 /* marriot_logo.png */ = {isa = PBXFileReference; lastKnownFileType = image.png; path = marriot_logo.png; sourceTree = "<group>"; };
		2C11A26E1BC10C0C00838E07 /* LoginController.swift */ = {isa = PBXFileReference; fileEncoding = 4; lastKnownFileType = sourcecode.swift; path = LoginController.swift; sourceTree = "<group>"; };
		2C11A2711BC10C4F00838E07 /* NewAccountController.swift */ = {isa = PBXFileReference; fileEncoding = 4; lastKnownFileType = sourcecode.swift; path = NewAccountController.swift; sourceTree = "<group>"; };
		2C11A2731BC10C6500838E07 /* ForgotPasswordController.swift */ = {isa = PBXFileReference; fileEncoding = 4; lastKnownFileType = sourcecode.swift; path = ForgotPasswordController.swift; sourceTree = "<group>"; };
		2C11A2761BC11A8F00838E07 /* StringExtensions.swift */ = {isa = PBXFileReference; fileEncoding = 4; lastKnownFileType = sourcecode.swift; path = StringExtensions.swift; sourceTree = "<group>"; };
		2C11A27A1BC19CEE00838E07 /* Segues.swift */ = {isa = PBXFileReference; fileEncoding = 4; lastKnownFileType = sourcecode.swift; path = Segues.swift; sourceTree = "<group>"; };
		2C11A27C1BC1A95A00838E07 /* HomeController.swift */ = {isa = PBXFileReference; fileEncoding = 4; lastKnownFileType = sourcecode.swift; path = HomeController.swift; sourceTree = "<group>"; };
		2C11A27E1BC1A99500838E07 /* MyEventsController.swift */ = {isa = PBXFileReference; fileEncoding = 4; lastKnownFileType = sourcecode.swift; path = MyEventsController.swift; sourceTree = "<group>"; };
		2C11A2861BC1AB1F00838E07 /* IMG_1535.JPG */ = {isa = PBXFileReference; lastKnownFileType = image.jpeg; path = IMG_1535.JPG; sourceTree = "<group>"; };
		2C11A2871BC1AB1F00838E07 /* IMG_1534.JPG */ = {isa = PBXFileReference; lastKnownFileType = image.jpeg; path = IMG_1534.JPG; sourceTree = "<group>"; };
		2C11A2881BC1AB1F00838E07 /* IMG_1533.JPG */ = {isa = PBXFileReference; lastKnownFileType = image.jpeg; path = IMG_1533.JPG; sourceTree = "<group>"; };
		2C11A2891BC1AB1F00838E07 /* IMG_1532.JPG */ = {isa = PBXFileReference; lastKnownFileType = image.jpeg; path = IMG_1532.JPG; sourceTree = "<group>"; };
		2C11A28A1BC1AB1F00838E07 /* IMG_1531.JPG */ = {isa = PBXFileReference; lastKnownFileType = image.jpeg; path = IMG_1531.JPG; sourceTree = "<group>"; };
		2C11A28B1BC1AB1F00838E07 /* IMG_1530.JPG */ = {isa = PBXFileReference; lastKnownFileType = image.jpeg; path = IMG_1530.JPG; sourceTree = "<group>"; };
		2C11A28C1BC1AB1F00838E07 /* IMG_1529.JPG */ = {isa = PBXFileReference; lastKnownFileType = image.jpeg; path = IMG_1529.JPG; sourceTree = "<group>"; };
		2C11A28D1BC1AB1F00838E07 /* IMG_1528.JPG */ = {isa = PBXFileReference; lastKnownFileType = image.jpeg; path = IMG_1528.JPG; sourceTree = "<group>"; };
		2C11A28E1BC1AB1F00838E07 /* IMG_1526.JPG */ = {isa = PBXFileReference; lastKnownFileType = image.jpeg; path = IMG_1526.JPG; sourceTree = "<group>"; };
		2C11A28F1BC1AB1F00838E07 /* IMG_1527.JPG */ = {isa = PBXFileReference; lastKnownFileType = image.jpeg; path = IMG_1527.JPG; sourceTree = "<group>"; };
		2C11A2901BC1AB1F00838E07 /* IMG_1525.JPG */ = {isa = PBXFileReference; lastKnownFileType = image.jpeg; path = IMG_1525.JPG; sourceTree = "<group>"; };
		2CB37A571BE89DCC003A6897 /* Calendar.png */ = {isa = PBXFileReference; lastKnownFileType = image.png; path = Calendar.png; sourceTree = "<group>"; };
		2CB37A581BE89DCC003A6897 /* EmployeeEventTaskList.png */ = {isa = PBXFileReference; lastKnownFileType = image.png; path = EmployeeEventTaskList.png; sourceTree = "<group>"; };
		2CB37A591BE89DCC003A6897 /* Info.png */ = {isa = PBXFileReference; lastKnownFileType = image.png; path = Info.png; sourceTree = "<group>"; };
		2CB37A5A1BE89DCC003A6897 /* Login.png */ = {isa = PBXFileReference; lastKnownFileType = image.png; path = Login.png; sourceTree = "<group>"; };
		2CB37A5B1BE89DCC003A6897 /* ManagerEventList.png */ = {isa = PBXFileReference; lastKnownFileType = image.png; path = ManagerEventList.png; sourceTree = "<group>"; };
		2CB37A5C1BE89DCC003A6897 /* ManagerTasks.png */ = {isa = PBXFileReference; lastKnownFileType = image.png; path = ManagerTasks.png; sourceTree = "<group>"; };
		2CB37A631BE8A2A8003A6897 /* ListController.swift */ = {isa = PBXFileReference; fileEncoding = 4; lastKnownFileType = sourcecode.swift; path = ListController.swift; sourceTree = "<group>"; };
		2CB37A651BE8A2C8003A6897 /* CalendarController.swift */ = {isa = PBXFileReference; fileEncoding = 4; lastKnownFileType = sourcecode.swift; path = CalendarController.swift; sourceTree = "<group>"; };
		2CB37A671BE8A465003A6897 /* README.md */ = {isa = PBXFileReference; fileEncoding = 4; lastKnownFileType = net.daringfireball.markdown; path = README.md; sourceTree = "<group>"; };
		2CB37A691BE8A897003A6897 /* UIColorExtensions.swift */ = {isa = PBXFileReference; fileEncoding = 4; lastKnownFileType = sourcecode.swift; path = UIColorExtensions.swift; sourceTree = "<group>"; };
		2CB37A6B1BE8A916003A6897 /* Colors.swift */ = {isa = PBXFileReference; fileEncoding = 4; lastKnownFileType = sourcecode.swift; path = Colors.swift; sourceTree = "<group>"; };
		2CB37A6F1BE90E50003A6897 /* BEO.swift */ = {isa = PBXFileReference; fileEncoding = 4; lastKnownFileType = sourcecode.swift; path = BEO.swift; sourceTree = "<group>"; };
		2CB37A711BE90F57003A6897 /* DinnerStyle.swift */ = {isa = PBXFileReference; fileEncoding = 4; lastKnownFileType = sourcecode.swift; path = DinnerStyle.swift; sourceTree = "<group>"; };
		2CB37A731BE90FCF003A6897 /* Task.swift */ = {isa = PBXFileReference; fileEncoding = 4; lastKnownFileType = sourcecode.swift; path = Task.swift; sourceTree = "<group>"; };
		38C63E40B23D732FFAC0AF94 /* Pods_BEO_App.framework */ = {isa = PBXFileReference; explicitFileType = wrapper.framework; includeInIndex = 0; path = Pods_BEO_App.framework; sourceTree = BUILT_PRODUCTS_DIR; };
		8556F48C1BD940C0006CA928 /* HomeTableViewController.swift */ = {isa = PBXFileReference; fileEncoding = 4; lastKnownFileType = sourcecode.swift; path = HomeTableViewController.swift; sourceTree = "<group>"; };
		8556F48E1BD942E2006CA928 /* MyEventsTableViewController.swift */ = {isa = PBXFileReference; fileEncoding = 4; lastKnownFileType = sourcecode.swift; path = MyEventsTableViewController.swift; sourceTree = "<group>"; };
		85ECCCAE1BEBC16500A98F88 /* EmployeeEventCell.swift */ = {isa = PBXFileReference; fileEncoding = 4; lastKnownFileType = sourcecode.swift; path = EmployeeEventCell.swift; sourceTree = "<group>"; };
		85ECCCAF1BEBC16500A98F88 /* EmployeeEventCell.xib */ = {isa = PBXFileReference; fileEncoding = 4; lastKnownFileType = file.xib; path = EmployeeEventCell.xib; sourceTree = "<group>"; };
		85ECCCB21BEBC63300A98F88 /* EmployeeTaskCell.swift */ = {isa = PBXFileReference; fileEncoding = 4; lastKnownFileType = sourcecode.swift; path = EmployeeTaskCell.swift; sourceTree = "<group>"; };
		85ECCCB31BEBC63300A98F88 /* EmployeeTaskCell.xib */ = {isa = PBXFileReference; fileEncoding = 4; lastKnownFileType = file.xib; path = EmployeeTaskCell.xib; sourceTree = "<group>"; };
		85FFC2E31BF07BD000B86BF2 /* EmployeeEventSectionHeader.swift */ = {isa = PBXFileReference; fileEncoding = 4; lastKnownFileType = sourcecode.swift; path = EmployeeEventSectionHeader.swift; sourceTree = "<group>"; };
		85FFC2E41BF07BD000B86BF2 /* EmployeeEventSectionHeader.xib */ = {isa = PBXFileReference; fileEncoding = 4; lastKnownFileType = file.xib; path = EmployeeEventSectionHeader.xib; sourceTree = "<group>"; };
/* End PBXFileReference section */

/* Begin PBXFrameworksBuildPhase section */
		2C11A2351BC0DE7200838E07 /* Frameworks */ = {
			isa = PBXFrameworksBuildPhase;
			buildActionMask = 2147483647;
			files = (
				467E7EE760F6A343062E7ECF /* Pods_BEO_App.framework in Frameworks */,
			);
			runOnlyForDeploymentPostprocessing = 0;
		};
		2C11A2491BC0DE7200838E07 /* Frameworks */ = {
			isa = PBXFrameworksBuildPhase;
			buildActionMask = 2147483647;
			files = (
			);
			runOnlyForDeploymentPostprocessing = 0;
		};
		2C11A2541BC0DE7200838E07 /* Frameworks */ = {
			isa = PBXFrameworksBuildPhase;
			buildActionMask = 2147483647;
			files = (
			);
			runOnlyForDeploymentPostprocessing = 0;
		};
/* End PBXFrameworksBuildPhase section */

/* Begin PBXGroup section */
		10BB689912473F693370BA10 /* Pods */ = {
			isa = PBXGroup;
			children = (
				0BF743B10CC334A6F325756D /* Pods-BEO App.debug.xcconfig */,
				1D031ADA42BAC4F845EF70B0 /* Pods-BEO App.release.xcconfig */,
			);
			name = Pods;
			sourceTree = "<group>";
		};
		2C11A22F1BC0DE7200838E07 = {
			isa = PBXGroup;
			children = (
				2CB37A671BE8A465003A6897 /* README.md */,
				2C11A2851BC1AB1200838E07 /* Wireframe */,
				2C11A2691BC0DF1000838E07 /* Podfile */,
				2C11A23A1BC0DE7200838E07 /* BEO App */,
				2C11A24F1BC0DE7200838E07 /* BEO AppTests */,
				2C11A25A1BC0DE7200838E07 /* BEO AppUITests */,
				2C11A2391BC0DE7200838E07 /* Products */,
				10BB689912473F693370BA10 /* Pods */,
				6F1BA9CE955EA931940A6009 /* Frameworks */,
			);
			sourceTree = "<group>";
		};
		2C11A2391BC0DE7200838E07 /* Products */ = {
			isa = PBXGroup;
			children = (
				2C11A2381BC0DE7200838E07 /* BEO App.app */,
				2C11A24C1BC0DE7200838E07 /* BEO AppTests.xctest */,
				2C11A2571BC0DE7200838E07 /* BEO AppUITests.xctest */,
			);
			name = Products;
			sourceTree = "<group>";
		};
		2C11A23A1BC0DE7200838E07 /* BEO App */ = {
			isa = PBXGroup;
			children = (
				2CB37A6E1BE90E40003A6897 /* models */,
				2CB37A561BE89DCC003A6897 /* GD Screenshots */,
				85ECCCA71BEBBFFB00A98F88 /* Employee Events/Tasks List */,
				8556F48B1BD9403E006CA928 /* My Events */,
				8556F48A1BD94028006CA928 /* Home */,
				2C11A2791BC19CE500838E07 /* constants */,
				2C11A2781BC19CB900838E07 /* Main */,
				2C11A2751BC11A8200838E07 /* extensions */,
				2C11A2701BC10C3800838E07 /* login */,
				2C11A26B1BC0F06F00838E07 /* images */,
				2C11A23B1BC0DE7200838E07 /* AppDelegate.swift */,
				2C11A23F1BC0DE7200838E07 /* Main.storyboard */,
				2C11A2421BC0DE7200838E07 /* Assets.xcassets */,
				2C11A2441BC0DE7200838E07 /* LaunchScreen.storyboard */,
				2C11A2471BC0DE7200838E07 /* Info.plist */,
			);
			path = "BEO App";
			sourceTree = "<group>";
		};
		2C11A24F1BC0DE7200838E07 /* BEO AppTests */ = {
			isa = PBXGroup;
			children = (
				2C11A2501BC0DE7200838E07 /* BEO_AppTests.swift */,
				2C11A2521BC0DE7200838E07 /* Info.plist */,
			);
			path = "BEO AppTests";
			sourceTree = "<group>";
		};
		2C11A25A1BC0DE7200838E07 /* BEO AppUITests */ = {
			isa = PBXGroup;
			children = (
				2C11A25B1BC0DE7200838E07 /* BEO_AppUITests.swift */,
				2C11A25D1BC0DE7300838E07 /* Info.plist */,
			);
			path = "BEO AppUITests";
			sourceTree = "<group>";
		};
		2C11A26B1BC0F06F00838E07 /* images */ = {
			isa = PBXGroup;
			children = (
				2C11A26C1BC0F08000838E07 /* marriot_logo.png */,
			);
			path = images;
			sourceTree = "<group>";
		};
		2C11A2701BC10C3800838E07 /* login */ = {
			isa = PBXGroup;
			children = (
				2C11A26E1BC10C0C00838E07 /* LoginController.swift */,
				2C11A2711BC10C4F00838E07 /* NewAccountController.swift */,
				2C11A2731BC10C6500838E07 /* ForgotPasswordController.swift */,
			);
			name = login;
			sourceTree = "<group>";
		};
		2C11A2751BC11A8200838E07 /* extensions */ = {
			isa = PBXGroup;
			children = (
				2C11A2761BC11A8F00838E07 /* StringExtensions.swift */,
				2CB37A691BE8A897003A6897 /* UIColorExtensions.swift */,
			);
			name = extensions;
			sourceTree = "<group>";
		};
		2C11A2781BC19CB900838E07 /* Main */ = {
			isa = PBXGroup;
			children = (
				2C11A23D1BC0DE7200838E07 /* MainController.swift */,
				2CB37A631BE8A2A8003A6897 /* ListController.swift */,
				2CB37A651BE8A2C8003A6897 /* CalendarController.swift */,
			);
			name = Main;
			sourceTree = "<group>";
		};
		2C11A2791BC19CE500838E07 /* constants */ = {
			isa = PBXGroup;
			children = (
				2C11A27A1BC19CEE00838E07 /* Segues.swift */,
				2CB37A6B1BE8A916003A6897 /* Colors.swift */,
			);
			name = constants;
			sourceTree = "<group>";
		};
		2C11A2851BC1AB1200838E07 /* Wireframe */ = {
			isa = PBXGroup;
			children = (
				2C11A2861BC1AB1F00838E07 /* IMG_1535.JPG */,
				2C11A2871BC1AB1F00838E07 /* IMG_1534.JPG */,
				2C11A2881BC1AB1F00838E07 /* IMG_1533.JPG */,
				2C11A2891BC1AB1F00838E07 /* IMG_1532.JPG */,
				2C11A28A1BC1AB1F00838E07 /* IMG_1531.JPG */,
				2C11A28B1BC1AB1F00838E07 /* IMG_1530.JPG */,
				2C11A28C1BC1AB1F00838E07 /* IMG_1529.JPG */,
				2C11A28D1BC1AB1F00838E07 /* IMG_1528.JPG */,
				2C11A28E1BC1AB1F00838E07 /* IMG_1526.JPG */,
				2C11A28F1BC1AB1F00838E07 /* IMG_1527.JPG */,
				2C11A2901BC1AB1F00838E07 /* IMG_1525.JPG */,
			);
			path = Wireframe;
			sourceTree = "<group>";
		};
		2CB37A561BE89DCC003A6897 /* GD Screenshots */ = {
			isa = PBXGroup;
			children = (
				2CB37A571BE89DCC003A6897 /* Calendar.png */,
				2CB37A581BE89DCC003A6897 /* EmployeeEventTaskList.png */,
				2CB37A591BE89DCC003A6897 /* Info.png */,
				2CB37A5A1BE89DCC003A6897 /* Login.png */,
				2CB37A5B1BE89DCC003A6897 /* ManagerEventList.png */,
				2CB37A5C1BE89DCC003A6897 /* ManagerTasks.png */,
			);
			path = "GD Screenshots";
			sourceTree = "<group>";
		};
		2CB37A6E1BE90E40003A6897 /* models */ = {
			isa = PBXGroup;
			children = (
				2CB37A6F1BE90E50003A6897 /* BEO.swift */,
				2CB37A711BE90F57003A6897 /* DinnerStyle.swift */,
				2CB37A731BE90FCF003A6897 /* Task.swift */,
			);
			path = models;
			sourceTree = "<group>";
		};
		6F1BA9CE955EA931940A6009 /* Frameworks */ = {
			isa = PBXGroup;
			children = (
				38C63E40B23D732FFAC0AF94 /* Pods_BEO_App.framework */,
			);
			name = Frameworks;
			sourceTree = "<group>";
		};
		8556F48A1BD94028006CA928 /* Home */ = {
			isa = PBXGroup;
			children = (
				2C11A27C1BC1A95A00838E07 /* HomeController.swift */,
				8556F48C1BD940C0006CA928 /* HomeTableViewController.swift */,
			);
			name = Home;
			sourceTree = "<group>";
		};
		8556F48B1BD9403E006CA928 /* My Events */ = {
			isa = PBXGroup;
			children = (
				8556F48E1BD942E2006CA928 /* MyEventsTableViewController.swift */,
				2C11A27E1BC1A99500838E07 /* MyEventsController.swift */,
			);
			name = "My Events";
			sourceTree = "<group>";
		};
		85ECCCA71BEBBFFB00A98F88 /* Employee Events/Tasks List */ = {
			isa = PBXGroup;
			children = (
				85ECCCAE1BEBC16500A98F88 /* EmployeeEventCell.swift */,
				85ECCCAF1BEBC16500A98F88 /* EmployeeEventCell.xib */,
				85ECCCB21BEBC63300A98F88 /* EmployeeTaskCell.swift */,
				85ECCCB31BEBC63300A98F88 /* EmployeeTaskCell.xib */,
				85FFC2E31BF07BD000B86BF2 /* EmployeeEventSectionHeader.swift */,
				85FFC2E41BF07BD000B86BF2 /* EmployeeEventSectionHeader.xib */,
			);
			name = "Employee Events/Tasks List";
			sourceTree = "<group>";
		};
/* End PBXGroup section */

/* Begin PBXNativeTarget section */
		2C11A2371BC0DE7200838E07 /* BEO App */ = {
			isa = PBXNativeTarget;
			buildConfigurationList = 2C11A2601BC0DE7300838E07 /* Build configuration list for PBXNativeTarget "BEO App" */;
			buildPhases = (
				B98378B426B3F68BEEF3B480 /* Check Pods Manifest.lock */,
				2C11A2341BC0DE7200838E07 /* Sources */,
				2C11A2351BC0DE7200838E07 /* Frameworks */,
				2C11A2361BC0DE7200838E07 /* Resources */,
				10AAFB342461DDA5E973C22C /* Copy Pods Resources */,
				674B753CF676DC47865E6B4B /* Embed Pods Frameworks */,
			);
			buildRules = (
			);
			dependencies = (
			);
			name = "BEO App";
			productName = "BEO App";
			productReference = 2C11A2381BC0DE7200838E07 /* BEO App.app */;
			productType = "com.apple.product-type.application";
		};
		2C11A24B1BC0DE7200838E07 /* BEO AppTests */ = {
			isa = PBXNativeTarget;
			buildConfigurationList = 2C11A2631BC0DE7300838E07 /* Build configuration list for PBXNativeTarget "BEO AppTests" */;
			buildPhases = (
				2C11A2481BC0DE7200838E07 /* Sources */,
				2C11A2491BC0DE7200838E07 /* Frameworks */,
				2C11A24A1BC0DE7200838E07 /* Resources */,
			);
			buildRules = (
			);
			dependencies = (
				2C11A24E1BC0DE7200838E07 /* PBXTargetDependency */,
			);
			name = "BEO AppTests";
			productName = "BEO AppTests";
			productReference = 2C11A24C1BC0DE7200838E07 /* BEO AppTests.xctest */;
			productType = "com.apple.product-type.bundle.unit-test";
		};
		2C11A2561BC0DE7200838E07 /* BEO AppUITests */ = {
			isa = PBXNativeTarget;
			buildConfigurationList = 2C11A2661BC0DE7300838E07 /* Build configuration list for PBXNativeTarget "BEO AppUITests" */;
			buildPhases = (
				2C11A2531BC0DE7200838E07 /* Sources */,
				2C11A2541BC0DE7200838E07 /* Frameworks */,
				2C11A2551BC0DE7200838E07 /* Resources */,
			);
			buildRules = (
			);
			dependencies = (
				2C11A2591BC0DE7200838E07 /* PBXTargetDependency */,
			);
			name = "BEO AppUITests";
			productName = "BEO AppUITests";
			productReference = 2C11A2571BC0DE7200838E07 /* BEO AppUITests.xctest */;
			productType = "com.apple.product-type.bundle.ui-testing";
		};
/* End PBXNativeTarget section */

/* Begin PBXProject section */
		2C11A2301BC0DE7200838E07 /* Project object */ = {
			isa = PBXProject;
			attributes = {
				LastUpgradeCheck = 0700;
				ORGANIZATIONNAME = "Team Black";
				TargetAttributes = {
					2C11A2371BC0DE7200838E07 = {
						CreatedOnToolsVersion = 7.0.1;
						DevelopmentTeam = TVVT3U24R7;
					};
					2C11A24B1BC0DE7200838E07 = {
						CreatedOnToolsVersion = 7.0.1;
						TestTargetID = 2C11A2371BC0DE7200838E07;
					};
					2C11A2561BC0DE7200838E07 = {
						CreatedOnToolsVersion = 7.0.1;
						TestTargetID = 2C11A2371BC0DE7200838E07;
					};
				};
			};
			buildConfigurationList = 2C11A2331BC0DE7200838E07 /* Build configuration list for PBXProject "BEO App" */;
			compatibilityVersion = "Xcode 3.2";
			developmentRegion = English;
			hasScannedForEncodings = 0;
			knownRegions = (
				en,
				Base,
			);
			mainGroup = 2C11A22F1BC0DE7200838E07;
			productRefGroup = 2C11A2391BC0DE7200838E07 /* Products */;
			projectDirPath = "";
			projectRoot = "";
			targets = (
				2C11A2371BC0DE7200838E07 /* BEO App */,
				2C11A24B1BC0DE7200838E07 /* BEO AppTests */,
				2C11A2561BC0DE7200838E07 /* BEO AppUITests */,
			);
		};
/* End PBXProject section */

/* Begin PBXResourcesBuildPhase section */
		2C11A2361BC0DE7200838E07 /* Resources */ = {
			isa = PBXResourcesBuildPhase;
			buildActionMask = 2147483647;
			files = (
				2C11A2971BC1AB1F00838E07 /* IMG_1529.JPG in Resources */,
				2C11A2981BC1AB1F00838E07 /* IMG_1528.JPG in Resources */,
				2C11A2941BC1AB1F00838E07 /* IMG_1532.JPG in Resources */,
				2CB37A611BE89DCC003A6897 /* ManagerEventList.png in Resources */,
				2C11A29A1BC1AB1F00838E07 /* IMG_1527.JPG in Resources */,
				2C11A29B1BC1AB1F00838E07 /* IMG_1525.JPG in Resources */,
				2CB37A621BE89DCC003A6897 /* ManagerTasks.png in Resources */,
				2C11A2461BC0DE7200838E07 /* LaunchScreen.storyboard in Resources */,
				85ECCCB51BEBC63300A98F88 /* EmployeeTaskCell.xib in Resources */,
				2C11A2431BC0DE7200838E07 /* Assets.xcassets in Resources */,
				2CB37A5E1BE89DCC003A6897 /* EmployeeEventTaskList.png in Resources */,
				2C11A2951BC1AB1F00838E07 /* IMG_1531.JPG in Resources */,
				85ECCCB11BEBC16500A98F88 /* EmployeeEventCell.xib in Resources */,
				85FFC2E61BF07BD000B86BF2 /* EmployeeEventSectionHeader.xib in Resources */,
				2CB37A5D1BE89DCC003A6897 /* Calendar.png in Resources */,
				2CB37A5F1BE89DCC003A6897 /* Info.png in Resources */,
				2C11A26A1BC0DF1000838E07 /* Podfile in Resources */,
				2C11A2931BC1AB1F00838E07 /* IMG_1533.JPG in Resources */,
				2CB37A601BE89DCC003A6897 /* Login.png in Resources */,
				2C11A2911BC1AB1F00838E07 /* IMG_1535.JPG in Resources */,
				2C11A2961BC1AB1F00838E07 /* IMG_1530.JPG in Resources */,
				2C11A26D1BC0F08000838E07 /* marriot_logo.png in Resources */,
				2C11A2991BC1AB1F00838E07 /* IMG_1526.JPG in Resources */,
				2C11A2411BC0DE7200838E07 /* Main.storyboard in Resources */,
				2C11A2921BC1AB1F00838E07 /* IMG_1534.JPG in Resources */,
			);
			runOnlyForDeploymentPostprocessing = 0;
		};
		2C11A24A1BC0DE7200838E07 /* Resources */ = {
			isa = PBXResourcesBuildPhase;
			buildActionMask = 2147483647;
			files = (
			);
			runOnlyForDeploymentPostprocessing = 0;
		};
		2C11A2551BC0DE7200838E07 /* Resources */ = {
			isa = PBXResourcesBuildPhase;
			buildActionMask = 2147483647;
			files = (
			);
			runOnlyForDeploymentPostprocessing = 0;
		};
/* End PBXResourcesBuildPhase section */

/* Begin PBXShellScriptBuildPhase section */
		10AAFB342461DDA5E973C22C /* Copy Pods Resources */ = {
			isa = PBXShellScriptBuildPhase;
			buildActionMask = 2147483647;
			files = (
			);
			inputPaths = (
			);
			name = "Copy Pods Resources";
			outputPaths = (
			);
			runOnlyForDeploymentPostprocessing = 0;
			shellPath = /bin/sh;
			shellScript = "\"${SRCROOT}/Pods/Target Support Files/Pods-BEO App/Pods-BEO App-resources.sh\"\n";
			showEnvVarsInLog = 0;
		};
		674B753CF676DC47865E6B4B /* Embed Pods Frameworks */ = {
			isa = PBXShellScriptBuildPhase;
			buildActionMask = 2147483647;
			files = (
			);
			inputPaths = (
			);
			name = "Embed Pods Frameworks";
			outputPaths = (
			);
			runOnlyForDeploymentPostprocessing = 0;
			shellPath = /bin/sh;
			shellScript = "\"${SRCROOT}/Pods/Target Support Files/Pods-BEO App/Pods-BEO App-frameworks.sh\"\n";
			showEnvVarsInLog = 0;
		};
		B98378B426B3F68BEEF3B480 /* Check Pods Manifest.lock */ = {
			isa = PBXShellScriptBuildPhase;
			buildActionMask = 2147483647;
			files = (
			);
			inputPaths = (
			);
			name = "Check Pods Manifest.lock";
			outputPaths = (
			);
			runOnlyForDeploymentPostprocessing = 0;
			shellPath = /bin/sh;
			shellScript = "diff \"${PODS_ROOT}/../Podfile.lock\" \"${PODS_ROOT}/Manifest.lock\" > /dev/null\nif [[ $? != 0 ]] ; then\n    cat << EOM\nerror: The sandbox is not in sync with the Podfile.lock. Run 'pod install' or update your CocoaPods installation.\nEOM\n    exit 1\nfi\n";
			showEnvVarsInLog = 0;
		};
/* End PBXShellScriptBuildPhase section */

/* Begin PBXSourcesBuildPhase section */
		2C11A2341BC0DE7200838E07 /* Sources */ = {
			isa = PBXSourcesBuildPhase;
			buildActionMask = 2147483647;
			files = (
				8556F48D1BD940C0006CA928 /* HomeTableViewController.swift in Sources */,
				2C11A27F1BC1A99500838E07 /* MyEventsController.swift in Sources */,
				2C11A2771BC11A8F00838E07 /* StringExtensions.swift in Sources */,
				2C11A2741BC10C6500838E07 /* ForgotPasswordController.swift in Sources */,
				8556F48F1BD942E2006CA928 /* MyEventsTableViewController.swift in Sources */,
				85ECCCB41BEBC63300A98F88 /* EmployeeTaskCell.swift in Sources */,
				2C11A2721BC10C4F00838E07 /* NewAccountController.swift in Sources */,
				2CB37A701BE90E50003A6897 /* BEO.swift in Sources */,
				2CB37A741BE90FCF003A6897 /* Task.swift in Sources */,
				85ECCCB01BEBC16500A98F88 /* EmployeeEventCell.swift in Sources */,
				2C11A27B1BC19CEE00838E07 /* Segues.swift in Sources */,
				2C11A27D1BC1A95A00838E07 /* HomeController.swift in Sources */,
				85FFC2E51BF07BD000B86BF2 /* EmployeeEventSectionHeader.swift in Sources */,
				2CB37A661BE8A2C8003A6897 /* CalendarController.swift in Sources */,
				2CB37A6C1BE8A916003A6897 /* Colors.swift in Sources */,
				2CB37A6A1BE8A897003A6897 /* UIColorExtensions.swift in Sources */,
				2C11A23E1BC0DE7200838E07 /* MainController.swift in Sources */,
				2CB37A681BE8A465003A6897 /* README.md in Sources */,
				2C11A26F1BC10C0C00838E07 /* LoginController.swift in Sources */,
				2C11A23C1BC0DE7200838E07 /* AppDelegate.swift in Sources */,
				2CB37A641BE8A2A8003A6897 /* ListController.swift in Sources */,
				2CB37A721BE90F57003A6897 /* DinnerStyle.swift in Sources */,
			);
			runOnlyForDeploymentPostprocessing = 0;
		};
		2C11A2481BC0DE7200838E07 /* Sources */ = {
			isa = PBXSourcesBuildPhase;
			buildActionMask = 2147483647;
			files = (
				2C11A2511BC0DE7200838E07 /* BEO_AppTests.swift in Sources */,
			);
			runOnlyForDeploymentPostprocessing = 0;
		};
		2C11A2531BC0DE7200838E07 /* Sources */ = {
			isa = PBXSourcesBuildPhase;
			buildActionMask = 2147483647;
			files = (
				2C11A25C1BC0DE7200838E07 /* BEO_AppUITests.swift in Sources */,
			);
			runOnlyForDeploymentPostprocessing = 0;
		};
/* End PBXSourcesBuildPhase section */

/* Begin PBXTargetDependency section */
		2C11A24E1BC0DE7200838E07 /* PBXTargetDependency */ = {
			isa = PBXTargetDependency;
			target = 2C11A2371BC0DE7200838E07 /* BEO App */;
			targetProxy = 2C11A24D1BC0DE7200838E07 /* PBXContainerItemProxy */;
		};
		2C11A2591BC0DE7200838E07 /* PBXTargetDependency */ = {
			isa = PBXTargetDependency;
			target = 2C11A2371BC0DE7200838E07 /* BEO App */;
			targetProxy = 2C11A2581BC0DE7200838E07 /* PBXContainerItemProxy */;
		};
/* End PBXTargetDependency section */

/* Begin PBXVariantGroup section */
		2C11A23F1BC0DE7200838E07 /* Main.storyboard */ = {
			isa = PBXVariantGroup;
			children = (
				2C11A2401BC0DE7200838E07 /* Base */,
			);
			name = Main.storyboard;
			sourceTree = "<group>";
		};
		2C11A2441BC0DE7200838E07 /* LaunchScreen.storyboard */ = {
			isa = PBXVariantGroup;
			children = (
				2C11A2451BC0DE7200838E07 /* Base */,
			);
			name = LaunchScreen.storyboard;
			sourceTree = "<group>";
		};
/* End PBXVariantGroup section */

/* Begin XCBuildConfiguration section */
		2C11A25E1BC0DE7300838E07 /* Debug */ = {
			isa = XCBuildConfiguration;
			buildSettings = {
				ALWAYS_SEARCH_USER_PATHS = NO;
				CLANG_CXX_LANGUAGE_STANDARD = "gnu++0x";
				CLANG_CXX_LIBRARY = "libc++";
				CLANG_ENABLE_MODULES = YES;
				CLANG_ENABLE_OBJC_ARC = YES;
				CLANG_WARN_BOOL_CONVERSION = YES;
				CLANG_WARN_CONSTANT_CONVERSION = YES;
				CLANG_WARN_DIRECT_OBJC_ISA_USAGE = YES_ERROR;
				CLANG_WARN_EMPTY_BODY = YES;
				CLANG_WARN_ENUM_CONVERSION = YES;
				CLANG_WARN_INT_CONVERSION = YES;
				CLANG_WARN_OBJC_ROOT_CLASS = YES_ERROR;
				CLANG_WARN_UNREACHABLE_CODE = YES;
				CLANG_WARN__DUPLICATE_METHOD_MATCH = YES;
				"CODE_SIGN_IDENTITY[sdk=iphoneos*]" = "iPhone Developer";
				COPY_PHASE_STRIP = NO;
				DEBUG_INFORMATION_FORMAT = dwarf;
				ENABLE_STRICT_OBJC_MSGSEND = YES;
				ENABLE_TESTABILITY = YES;
				GCC_C_LANGUAGE_STANDARD = gnu99;
				GCC_DYNAMIC_NO_PIC = NO;
				GCC_NO_COMMON_BLOCKS = YES;
				GCC_OPTIMIZATION_LEVEL = 0;
				GCC_PREPROCESSOR_DEFINITIONS = (
					"DEBUG=1",
					"$(inherited)",
				);
				GCC_WARN_64_TO_32_BIT_CONVERSION = YES;
				GCC_WARN_ABOUT_RETURN_TYPE = YES_ERROR;
				GCC_WARN_UNDECLARED_SELECTOR = YES;
				GCC_WARN_UNINITIALIZED_AUTOS = YES_AGGRESSIVE;
				GCC_WARN_UNUSED_FUNCTION = YES;
				GCC_WARN_UNUSED_VARIABLE = YES;
				IPHONEOS_DEPLOYMENT_TARGET = 9.0;
				MTL_ENABLE_DEBUG_INFO = YES;
				ONLY_ACTIVE_ARCH = YES;
				SDKROOT = iphoneos;
				SWIFT_OPTIMIZATION_LEVEL = "-Onone";
				TARGETED_DEVICE_FAMILY = "1,2";
			};
			name = Debug;
		};
		2C11A25F1BC0DE7300838E07 /* Release */ = {
			isa = XCBuildConfiguration;
			buildSettings = {
				ALWAYS_SEARCH_USER_PATHS = NO;
				CLANG_CXX_LANGUAGE_STANDARD = "gnu++0x";
				CLANG_CXX_LIBRARY = "libc++";
				CLANG_ENABLE_MODULES = YES;
				CLANG_ENABLE_OBJC_ARC = YES;
				CLANG_WARN_BOOL_CONVERSION = YES;
				CLANG_WARN_CONSTANT_CONVERSION = YES;
				CLANG_WARN_DIRECT_OBJC_ISA_USAGE = YES_ERROR;
				CLANG_WARN_EMPTY_BODY = YES;
				CLANG_WARN_ENUM_CONVERSION = YES;
				CLANG_WARN_INT_CONVERSION = YES;
				CLANG_WARN_OBJC_ROOT_CLASS = YES_ERROR;
				CLANG_WARN_UNREACHABLE_CODE = YES;
				CLANG_WARN__DUPLICATE_METHOD_MATCH = YES;
				"CODE_SIGN_IDENTITY[sdk=iphoneos*]" = "iPhone Developer";
				COPY_PHASE_STRIP = NO;
				DEBUG_INFORMATION_FORMAT = "dwarf-with-dsym";
				ENABLE_NS_ASSERTIONS = NO;
				ENABLE_STRICT_OBJC_MSGSEND = YES;
				GCC_C_LANGUAGE_STANDARD = gnu99;
				GCC_NO_COMMON_BLOCKS = YES;
				GCC_WARN_64_TO_32_BIT_CONVERSION = YES;
				GCC_WARN_ABOUT_RETURN_TYPE = YES_ERROR;
				GCC_WARN_UNDECLARED_SELECTOR = YES;
				GCC_WARN_UNINITIALIZED_AUTOS = YES_AGGRESSIVE;
				GCC_WARN_UNUSED_FUNCTION = YES;
				GCC_WARN_UNUSED_VARIABLE = YES;
				IPHONEOS_DEPLOYMENT_TARGET = 9.0;
				MTL_ENABLE_DEBUG_INFO = NO;
				SDKROOT = iphoneos;
				TARGETED_DEVICE_FAMILY = "1,2";
				VALIDATE_PRODUCT = YES;
			};
			name = Release;
		};
		2C11A2611BC0DE7300838E07 /* Debug */ = {
			isa = XCBuildConfiguration;
			baseConfigurationReference = 0BF743B10CC334A6F325756D /* Pods-BEO App.debug.xcconfig */;
			buildSettings = {
				ASSETCATALOG_COMPILER_APPICON_NAME = AppIcon;
				CODE_SIGN_IDENTITY = "iPhone Developer";
				"CODE_SIGN_IDENTITY[sdk=iphoneos*]" = "iPhone Developer";
				INFOPLIST_FILE = "BEO App/Info.plist";
				LD_RUNPATH_SEARCH_PATHS = "$(inherited) @executable_path/Frameworks";
				PRODUCT_BUNDLE_IDENTIFIER = "com.teamblack.BEO-App";
				PRODUCT_NAME = "$(TARGET_NAME)";
				PROVISIONING_PROFILE = "";
				TARGETED_DEVICE_FAMILY = 1;
			};
			name = Debug;
		};
		2C11A2621BC0DE7300838E07 /* Release */ = {
			isa = XCBuildConfiguration;
			baseConfigurationReference = 1D031ADA42BAC4F845EF70B0 /* Pods-BEO App.release.xcconfig */;
			buildSettings = {
				ASSETCATALOG_COMPILER_APPICON_NAME = AppIcon;
				CODE_SIGN_IDENTITY = "iPhone Developer";
				"CODE_SIGN_IDENTITY[sdk=iphoneos*]" = "iPhone Developer";
				INFOPLIST_FILE = "BEO App/Info.plist";
				LD_RUNPATH_SEARCH_PATHS = "$(inherited) @executable_path/Frameworks";
				PRODUCT_BUNDLE_IDENTIFIER = "com.teamblack.BEO-App";
				PRODUCT_NAME = "$(TARGET_NAME)";
				PROVISIONING_PROFILE = "";
				TARGETED_DEVICE_FAMILY = 1;
			};
			name = Release;
		};
		2C11A2641BC0DE7300838E07 /* Debug */ = {
			isa = XCBuildConfiguration;
			buildSettings = {
				BUNDLE_LOADER = "$(TEST_HOST)";
				INFOPLIST_FILE = "BEO AppTests/Info.plist";
				LD_RUNPATH_SEARCH_PATHS = "$(inherited) @executable_path/Frameworks @loader_path/Frameworks";
				PRODUCT_BUNDLE_IDENTIFIER = "com.teamblack.BEO-AppTests";
				PRODUCT_NAME = "$(TARGET_NAME)";
				TEST_HOST = "$(BUILT_PRODUCTS_DIR)/BEO App.app/BEO App";
			};
			name = Debug;
		};
		2C11A2651BC0DE7300838E07 /* Release */ = {
			isa = XCBuildConfiguration;
			buildSettings = {
				BUNDLE_LOADER = "$(TEST_HOST)";
				INFOPLIST_FILE = "BEO AppTests/Info.plist";
				LD_RUNPATH_SEARCH_PATHS = "$(inherited) @executable_path/Frameworks @loader_path/Frameworks";
				PRODUCT_BUNDLE_IDENTIFIER = "com.teamblack.BEO-AppTests";
				PRODUCT_NAME = "$(TARGET_NAME)";
				TEST_HOST = "$(BUILT_PRODUCTS_DIR)/BEO App.app/BEO App";
			};
			name = Release;
		};
		2C11A2671BC0DE7300838E07 /* Debug */ = {
			isa = XCBuildConfiguration;
			buildSettings = {
				INFOPLIST_FILE = "BEO AppUITests/Info.plist";
				LD_RUNPATH_SEARCH_PATHS = "$(inherited) @executable_path/Frameworks @loader_path/Frameworks";
				PRODUCT_BUNDLE_IDENTIFIER = "com.teamblack.BEO-AppUITests";
				PRODUCT_NAME = "$(TARGET_NAME)";
				TEST_TARGET_NAME = "BEO App";
				USES_XCTRUNNER = YES;
			};
			name = Debug;
		};
		2C11A2681BC0DE7300838E07 /* Release */ = {
			isa = XCBuildConfiguration;
			buildSettings = {
				INFOPLIST_FILE = "BEO AppUITests/Info.plist";
				LD_RUNPATH_SEARCH_PATHS = "$(inherited) @executable_path/Frameworks @loader_path/Frameworks";
				PRODUCT_BUNDLE_IDENTIFIER = "com.teamblack.BEO-AppUITests";
				PRODUCT_NAME = "$(TARGET_NAME)";
				TEST_TARGET_NAME = "BEO App";
				USES_XCTRUNNER = YES;
			};
			name = Release;
		};
/* End XCBuildConfiguration section */

/* Begin XCConfigurationList section */
		2C11A2331BC0DE7200838E07 /* Build configuration list for PBXProject "BEO App" */ = {
			isa = XCConfigurationList;
			buildConfigurations = (
				2C11A25E1BC0DE7300838E07 /* Debug */,
				2C11A25F1BC0DE7300838E07 /* Release */,
			);
			defaultConfigurationIsVisible = 0;
			defaultConfigurationName = Release;
		};
		2C11A2601BC0DE7300838E07 /* Build configuration list for PBXNativeTarget "BEO App" */ = {
			isa = XCConfigurationList;
			buildConfigurations = (
				2C11A2611BC0DE7300838E07 /* Debug */,
				2C11A2621BC0DE7300838E07 /* Release */,
			);
			defaultConfigurationIsVisible = 0;
			defaultConfigurationName = Release;
		};
		2C11A2631BC0DE7300838E07 /* Build configuration list for PBXNativeTarget "BEO AppTests" */ = {
			isa = XCConfigurationList;
			buildConfigurations = (
				2C11A2641BC0DE7300838E07 /* Debug */,
				2C11A2651BC0DE7300838E07 /* Release */,
			);
			defaultConfigurationIsVisible = 0;
			defaultConfigurationName = Release;
		};
		2C11A2661BC0DE7300838E07 /* Build configuration list for PBXNativeTarget "BEO AppUITests" */ = {
			isa = XCConfigurationList;
			buildConfigurations = (
				2C11A2671BC0DE7300838E07 /* Debug */,
				2C11A2681BC0DE7300838E07 /* Release */,
			);
			defaultConfigurationIsVisible = 0;
			defaultConfigurationName = Release;
		};
/* End XCConfigurationList section */
	};
	rootObject = 2C11A2301BC0DE7200838E07 /* Project object */;
}
